
Microsoft Visual Studio Solution File, Format Version 12.00
# Visual Studio Version 17
VisualStudioVersion = 17.7.34202.233
MinimumVisualStudioVersion = 10.0.40219.1
Project("{2150E333-8FDC-42A3-9474-1A3956D46DE8}") = "src", "src", "{0F33BCCE-E856-426A-871C-E5BE1E2C9B10}"
EndProject
Project("{2150E333-8FDC-42A3-9474-1A3956D46DE8}") = "tests", "tests", "{5F5B959D-4D6D-474C-B794-01F4D6CFFBF5}"
EndProject
Project("{2150E333-8FDC-42A3-9474-1A3956D46DE8}") = "01-Presentation", "01-Presentation", "{CD8E4AB3-125A-4CCB-ABC2-3B5FD7B8D26B}"
EndProject
Project("{2150E333-8FDC-42A3-9474-1A3956D46DE8}") = "02-Application", "02-Application", "{29C4CF05-FB56-46D7-B0C9-2430E861F241}"
EndProject
Project("{2150E333-8FDC-42A3-9474-1A3956D46DE8}") = "03-Domain", "03-Domain", "{3B69BA37-B581-4D3B-9B00-1F7E21B53015}"
EndProject
Project("{2150E333-8FDC-42A3-9474-1A3956D46DE8}") = "04-Infra", "04-Infra", "{6DC8E1F9-07F2-4301-AC2E-383D90387783}"
EndProject
Project("{2150E333-8FDC-42A3-9474-1A3956D46DE8}") = "05-Common", "05-Common", "{395B466E-8574-4C32-A2AB-02C263AB61FF}"
EndProject
Project("{2150E333-8FDC-42A3-9474-1A3956D46DE8}") = "Data", "Data", "{18E988BB-EFCB-4F1C-A9EB-454D6BF39C0E}"
EndProject
Project("{2150E333-8FDC-42A3-9474-1A3956D46DE8}") = "Http", "Http", "{0A7F29E6-3081-4435-8A55-D82FDF720368}"
EndProject
Project("{2150E333-8FDC-42A3-9474-1A3956D46DE8}") = "Settings", "Settings", "{AC3E4427-4E1B-465D-998F-E17B45FFCD30}"
EndProject
Project("{2150E333-8FDC-42A3-9474-1A3956D46DE8}") = "CrossCutting", "CrossCutting", "{84B3B290-3CD3-48DC-BEF9-53A9C2A0D5E6}"
EndProject
Project("{2150E333-8FDC-42A3-9474-1A3956D46DE8}") = "Cloud", "Cloud", "{3BF196BD-DF15-4A42-8855-6E30C460FFBA}"
EndProject
Project("{2150E333-8FDC-42A3-9474-1A3956D46DE8}") = "UnitTests", "UnitTests", "{FF399C79-29B6-418A-9B96-EE1C1FA75820}"
EndProject
Project("{2150E333-8FDC-42A3-9474-1A3956D46DE8}") = "Resilience", "Resilience", "{D4657FFB-BFC4-4095-A819-6A05217D2893}"
EndProject
Project("{9A19103F-16F7-4668-BE54-9A1E7A4F7556}") = "OpenBaseNET.Infra.Resilience.Core", "src\OpenBaseNET.Infra.Resilience.Core\OpenBaseNET.Infra.Resilience.Core.csproj", "{A1F4D485-4CA8-4DCD-9114-BF6421B7D911}"
EndProject
Project("{9A19103F-16F7-4668-BE54-9A1E7A4F7556}") = "OpenBaseNET.Infra.Resilience.Azure", "src\OpenBaseNET.Infra.Resilience.Azure\OpenBaseNET.Infra.Resilience.Azure.csproj", "{CCE12F6F-A589-47C8-A80B-2E83A8D2E2E2}"
EndProject
Project("{9A19103F-16F7-4668-BE54-9A1E7A4F7556}") = "OpenBaseNET.Presentation.Api", "src\OpenBaseNET.Presentation.Api\OpenBaseNET.Presentation.Api.csproj", "{BC7A2A5A-A280-4FA0-8461-127115AE384C}"
EndProject
Project("{9A19103F-16F7-4668-BE54-9A1E7A4F7556}") = "OpenBaseNET.Application", "src\OpenBaseNET.Application\OpenBaseNET.Application.csproj", "{FEA963F5-2E3D-4C49-B54E-6D3BF4A8F13F}"
EndProject
Project("{9A19103F-16F7-4668-BE54-9A1E7A4F7556}") = "OpenBaseNET.Common", "src\OpenBaseNET.Common\OpenBaseNET.Common.csproj", "{924EFAD7-A6A6-4739-83B6-53BAF5D1706D}"
EndProject
Project("{9A19103F-16F7-4668-BE54-9A1E7A4F7556}") = "OpenBaseNET.Domain", "src\OpenBaseNET.Domain\OpenBaseNET.Domain.csproj", "{DF11A989-7EC3-4FFE-9715-F53C79398E96}"
EndProject
Project("{9A19103F-16F7-4668-BE54-9A1E7A4F7556}") = "OpenBaseNET.Infra.Cloud.Azure", "src\OpenBaseNET.Infra.Cloud.Azure\OpenBaseNET.Infra.Cloud.Azure.csproj", "{86DE6C66-6635-4AFD-988C-330DE451D013}"
EndProject
Project("{9A19103F-16F7-4668-BE54-9A1E7A4F7556}") = "OpenBaseNET.Infra.Settings", "src\OpenBaseNET.Infra.Settings\OpenBaseNET.Infra.Settings.csproj", "{2EFACF41-E864-455B-A970-EEF2854AFC09}"
EndProject
Project("{9A19103F-16F7-4668-BE54-9A1E7A4F7556}") = "OpenBaseNET.Infra.CrossCutting", "src\OpenBaseNET.Infra.CrossCutting\OpenBaseNET.Infra.CrossCutting.csproj", "{EC610143-5E7F-4517-A43F-E9CA7E6DAA8B}"
EndProject
Project("{9A19103F-16F7-4668-BE54-9A1E7A4F7556}") = "OpenBaseNET.Infra.Http", "src\OpenBaseNET.Infra.Http\OpenBaseNET.Infra.Http.csproj", "{74843A2D-E166-418E-AED7-B58001D74757}"
EndProject
Project("{9A19103F-16F7-4668-BE54-9A1E7A4F7556}") = "OpenBaseNET.Infra.Http.Extensions", "src\OpenBaseNET.Infra.Http.Extensions\OpenBaseNET.Infra.Http.Extensions.csproj", "{015A94DC-A2A2-4B90-AA93-84AD7E8B2CFC}"
EndProject
Project("{9A19103F-16F7-4668-BE54-9A1E7A4F7556}") = "OpenBaseNET.Infra.Data", "src\OpenBaseNET.Infra.Data\OpenBaseNET.Infra.Data.csproj", "{92CF71B7-29B1-4490-8CF2-61AA6B9805D4}"
EndProject
Project("{9A19103F-16F7-4668-BE54-9A1E7A4F7556}") = "OpenBaseNET.Infra.Uow", "src\OpenBaseNET.Infra.Uow\OpenBaseNET.Infra.Uow.csproj", "{3114D249-A263-4844-917F-0AF0E509AB6A}"
EndProject
Project("{9A19103F-16F7-4668-BE54-9A1E7A4F7556}") = "OpenBaseNET.Infra.EF.Extension", "src\OpenBaseNET.Infra.EF.Extension\OpenBaseNET.Infra.EF.Extension.csproj", "{37C7ACC1-0821-4D1A-BEA2-04EBCFB014FD}"
EndProject
Project("{2150E333-8FDC-42A3-9474-1A3956D46DE8}") = "Mediator", "Mediator", "{D56B167A-FF2C-4B22-8695-7ECB074AF916}"
EndProject
Project("{9A19103F-16F7-4668-BE54-9A1E7A4F7556}") = "OpenBaseNET.Infra.Mediator", "src\OpenBaseNET.Infra.Mediator\OpenBaseNET.Infra.Mediator.csproj", "{879BCDD3-A114-439B-A8C8-9A6E4461B08E}"
EndProject
Project("{2150E333-8FDC-42A3-9474-1A3956D46DE8}") = "AutoMapper", "AutoMapper", "{67EF031F-4304-4754-A037-BD7421BFD9CC}"
EndProject
Project("{9A19103F-16F7-4668-BE54-9A1E7A4F7556}") = "OpenBaseNET.Infra.AutoMapper", "src\OpenBaseNET.Infra.AutoMapper\OpenBaseNET.Infra.AutoMapper.csproj", "{0EDC5A6A-E27A-4580-A063-514A3BE09CF4}"
EndProject
Project("{9A19103F-16F7-4668-BE54-9A1E7A4F7556}") = "OpenBaseNET.Infra.Data.Core", "src\OpenBaseNET.Infra.Data.Core\OpenBaseNET.Infra.Data.Core.csproj", "{53551267-BBD2-4E6A-B077-4423F1CBC017}"
EndProject
Project("{2150E333-8FDC-42A3-9474-1A3956D46DE8}") = "Logger", "Logger", "{45D18C7B-0F7B-45B2-8A0E-AB1235D8CABB}"
EndProject
Project("{9A19103F-16F7-4668-BE54-9A1E7A4F7556}") = "OpenBaseNET.Infra.Logger", "src\OpenBaseNET.Infra.Logger\OpenBaseNET.Infra.Logger.csproj", "{C1502567-3F64-4928-88EB-07F6F3B4E77E}"
EndProject
Project("{9A19103F-16F7-4668-BE54-9A1E7A4F7556}") = "OpenBaseNET.Infra.Resilience.Http", "src\OpenBaseNET.Infra.Resilience.HttpClient\OpenBaseNET.Infra.Resilience.Http.csproj", "{129795BB-29FA-4F7D-86CF-7C73AE5C65B1}"
EndProject
Project("{9A19103F-16F7-4668-BE54-9A1E7A4F7556}") = "OpenBaseNET.Infra.Dapper.Extension", "src\OpenBaseNET.Infra.Dapper.Extension\OpenBaseNET.Infra.Dapper.Extension.csproj", "{8FD7595A-FA2C-4608-9837-30622CF46D72}"
EndProject
Project("{9A19103F-16F7-4668-BE54-9A1E7A4F7556}") = "OpenBaseNET.Infra.Data.Context", "src\OpenBaseNET.Infra.Data.Context\OpenBaseNET.Infra.Data.Context.csproj", "{2F10D9B2-8A7B-4142-A042-579C383416EB}"
EndProject
Project("{9A19103F-16F7-4668-BE54-9A1E7A4F7556}") = "OpenBaseNET.Infra.Resilience.Database.Postres", "src\OpenBaseNET.Infra.Resilience.Database.Postgres\OpenBaseNET.Infra.Resilience.Database.Postres.csproj", "{07042C90-E285-49D3-9B7E-5D571B75A5C7}"
EndProject
Global
	GlobalSection(SolutionConfigurationPlatforms) = preSolution
		Debug|Any CPU = Debug|Any CPU
		Release|Any CPU = Release|Any CPU
	EndGlobalSection
	GlobalSection(ProjectConfigurationPlatforms) = postSolution
		{A1F4D485-4CA8-4DCD-9114-BF6421B7D911}.Debug|Any CPU.ActiveCfg = Debug|Any CPU
		{A1F4D485-4CA8-4DCD-9114-BF6421B7D911}.Debug|Any CPU.Build.0 = Debug|Any CPU
		{A1F4D485-4CA8-4DCD-9114-BF6421B7D911}.Release|Any CPU.ActiveCfg = Release|Any CPU
		{A1F4D485-4CA8-4DCD-9114-BF6421B7D911}.Release|Any CPU.Build.0 = Release|Any CPU
		{CCE12F6F-A589-47C8-A80B-2E83A8D2E2E2}.Debug|Any CPU.ActiveCfg = Debug|Any CPU
		{CCE12F6F-A589-47C8-A80B-2E83A8D2E2E2}.Debug|Any CPU.Build.0 = Debug|Any CPU
		{CCE12F6F-A589-47C8-A80B-2E83A8D2E2E2}.Release|Any CPU.ActiveCfg = Release|Any CPU
		{CCE12F6F-A589-47C8-A80B-2E83A8D2E2E2}.Release|Any CPU.Build.0 = Release|Any CPU
		{BC7A2A5A-A280-4FA0-8461-127115AE384C}.Debug|Any CPU.ActiveCfg = Debug|Any CPU
		{BC7A2A5A-A280-4FA0-8461-127115AE384C}.Debug|Any CPU.Build.0 = Debug|Any CPU
		{BC7A2A5A-A280-4FA0-8461-127115AE384C}.Release|Any CPU.ActiveCfg = Release|Any CPU
		{BC7A2A5A-A280-4FA0-8461-127115AE384C}.Release|Any CPU.Build.0 = Release|Any CPU
		{FEA963F5-2E3D-4C49-B54E-6D3BF4A8F13F}.Debug|Any CPU.ActiveCfg = Debug|Any CPU
		{FEA963F5-2E3D-4C49-B54E-6D3BF4A8F13F}.Debug|Any CPU.Build.0 = Debug|Any CPU
		{FEA963F5-2E3D-4C49-B54E-6D3BF4A8F13F}.Release|Any CPU.ActiveCfg = Release|Any CPU
		{FEA963F5-2E3D-4C49-B54E-6D3BF4A8F13F}.Release|Any CPU.Build.0 = Release|Any CPU
		{924EFAD7-A6A6-4739-83B6-53BAF5D1706D}.Debug|Any CPU.ActiveCfg = Debug|Any CPU
		{924EFAD7-A6A6-4739-83B6-53BAF5D1706D}.Debug|Any CPU.Build.0 = Debug|Any CPU
		{924EFAD7-A6A6-4739-83B6-53BAF5D1706D}.Release|Any CPU.ActiveCfg = Release|Any CPU
		{924EFAD7-A6A6-4739-83B6-53BAF5D1706D}.Release|Any CPU.Build.0 = Release|Any CPU
		{DF11A989-7EC3-4FFE-9715-F53C79398E96}.Debug|Any CPU.ActiveCfg = Debug|Any CPU
		{DF11A989-7EC3-4FFE-9715-F53C79398E96}.Debug|Any CPU.Build.0 = Debug|Any CPU
		{DF11A989-7EC3-4FFE-9715-F53C79398E96}.Release|Any CPU.ActiveCfg = Release|Any CPU
		{DF11A989-7EC3-4FFE-9715-F53C79398E96}.Release|Any CPU.Build.0 = Release|Any CPU
		{86DE6C66-6635-4AFD-988C-330DE451D013}.Debug|Any CPU.ActiveCfg = Debug|Any CPU
		{86DE6C66-6635-4AFD-988C-330DE451D013}.Debug|Any CPU.Build.0 = Debug|Any CPU
		{86DE6C66-6635-4AFD-988C-330DE451D013}.Release|Any CPU.ActiveCfg = Release|Any CPU
		{86DE6C66-6635-4AFD-988C-330DE451D013}.Release|Any CPU.Build.0 = Release|Any CPU
		{2EFACF41-E864-455B-A970-EEF2854AFC09}.Debug|Any CPU.ActiveCfg = Debug|Any CPU
		{2EFACF41-E864-455B-A970-EEF2854AFC09}.Debug|Any CPU.Build.0 = Debug|Any CPU
		{2EFACF41-E864-455B-A970-EEF2854AFC09}.Release|Any CPU.ActiveCfg = Release|Any CPU
		{2EFACF41-E864-455B-A970-EEF2854AFC09}.Release|Any CPU.Build.0 = Release|Any CPU
		{EC610143-5E7F-4517-A43F-E9CA7E6DAA8B}.Debug|Any CPU.ActiveCfg = Debug|Any CPU
		{EC610143-5E7F-4517-A43F-E9CA7E6DAA8B}.Debug|Any CPU.Build.0 = Debug|Any CPU
		{EC610143-5E7F-4517-A43F-E9CA7E6DAA8B}.Release|Any CPU.ActiveCfg = Release|Any CPU
		{EC610143-5E7F-4517-A43F-E9CA7E6DAA8B}.Release|Any CPU.Build.0 = Release|Any CPU
		{74843A2D-E166-418E-AED7-B58001D74757}.Debug|Any CPU.ActiveCfg = Debug|Any CPU
		{74843A2D-E166-418E-AED7-B58001D74757}.Debug|Any CPU.Build.0 = Debug|Any CPU
		{74843A2D-E166-418E-AED7-B58001D74757}.Release|Any CPU.ActiveCfg = Release|Any CPU
		{74843A2D-E166-418E-AED7-B58001D74757}.Release|Any CPU.Build.0 = Release|Any CPU
		{015A94DC-A2A2-4B90-AA93-84AD7E8B2CFC}.Debug|Any CPU.ActiveCfg = Debug|Any CPU
		{015A94DC-A2A2-4B90-AA93-84AD7E8B2CFC}.Debug|Any CPU.Build.0 = Debug|Any CPU
		{015A94DC-A2A2-4B90-AA93-84AD7E8B2CFC}.Release|Any CPU.ActiveCfg = Release|Any CPU
		{015A94DC-A2A2-4B90-AA93-84AD7E8B2CFC}.Release|Any CPU.Build.0 = Release|Any CPU
		{92CF71B7-29B1-4490-8CF2-61AA6B9805D4}.Debug|Any CPU.ActiveCfg = Debug|Any CPU
		{92CF71B7-29B1-4490-8CF2-61AA6B9805D4}.Debug|Any CPU.Build.0 = Debug|Any CPU
		{92CF71B7-29B1-4490-8CF2-61AA6B9805D4}.Release|Any CPU.ActiveCfg = Release|Any CPU
		{92CF71B7-29B1-4490-8CF2-61AA6B9805D4}.Release|Any CPU.Build.0 = Release|Any CPU
		{3114D249-A263-4844-917F-0AF0E509AB6A}.Debug|Any CPU.ActiveCfg = Debug|Any CPU
		{3114D249-A263-4844-917F-0AF0E509AB6A}.Debug|Any CPU.Build.0 = Debug|Any CPU
		{3114D249-A263-4844-917F-0AF0E509AB6A}.Release|Any CPU.ActiveCfg = Release|Any CPU
		{3114D249-A263-4844-917F-0AF0E509AB6A}.Release|Any CPU.Build.0 = Release|Any CPU
		{37C7ACC1-0821-4D1A-BEA2-04EBCFB014FD}.Debug|Any CPU.ActiveCfg = Debug|Any CPU
		{37C7ACC1-0821-4D1A-BEA2-04EBCFB014FD}.Debug|Any CPU.Build.0 = Debug|Any CPU
		{37C7ACC1-0821-4D1A-BEA2-04EBCFB014FD}.Release|Any CPU.ActiveCfg = Release|Any CPU
		{37C7ACC1-0821-4D1A-BEA2-04EBCFB014FD}.Release|Any CPU.Build.0 = Release|Any CPU
		{879BCDD3-A114-439B-A8C8-9A6E4461B08E}.Debug|Any CPU.ActiveCfg = Debug|Any CPU
		{879BCDD3-A114-439B-A8C8-9A6E4461B08E}.Debug|Any CPU.Build.0 = Debug|Any CPU
		{879BCDD3-A114-439B-A8C8-9A6E4461B08E}.Release|Any CPU.ActiveCfg = Release|Any CPU
		{879BCDD3-A114-439B-A8C8-9A6E4461B08E}.Release|Any CPU.Build.0 = Release|Any CPU
		{0EDC5A6A-E27A-4580-A063-514A3BE09CF4}.Debug|Any CPU.ActiveCfg = Debug|Any CPU
		{0EDC5A6A-E27A-4580-A063-514A3BE09CF4}.Debug|Any CPU.Build.0 = Debug|Any CPU
		{0EDC5A6A-E27A-4580-A063-514A3BE09CF4}.Release|Any CPU.ActiveCfg = Release|Any CPU
		{0EDC5A6A-E27A-4580-A063-514A3BE09CF4}.Release|Any CPU.Build.0 = Release|Any CPU
		{53551267-BBD2-4E6A-B077-4423F1CBC017}.Debug|Any CPU.ActiveCfg = Debug|Any CPU
		{53551267-BBD2-4E6A-B077-4423F1CBC017}.Debug|Any CPU.Build.0 = Debug|Any CPU
		{53551267-BBD2-4E6A-B077-4423F1CBC017}.Release|Any CPU.ActiveCfg = Release|Any CPU
		{53551267-BBD2-4E6A-B077-4423F1CBC017}.Release|Any CPU.Build.0 = Release|Any CPU
		{C1502567-3F64-4928-88EB-07F6F3B4E77E}.Debug|Any CPU.ActiveCfg = Debug|Any CPU
		{C1502567-3F64-4928-88EB-07F6F3B4E77E}.Debug|Any CPU.Build.0 = Debug|Any CPU
		{C1502567-3F64-4928-88EB-07F6F3B4E77E}.Release|Any CPU.ActiveCfg = Release|Any CPU
		{C1502567-3F64-4928-88EB-07F6F3B4E77E}.Release|Any CPU.Build.0 = Release|Any CPU
		{129795BB-29FA-4F7D-86CF-7C73AE5C65B1}.Debug|Any CPU.ActiveCfg = Debug|Any CPU
		{129795BB-29FA-4F7D-86CF-7C73AE5C65B1}.Debug|Any CPU.Build.0 = Debug|Any CPU
		{129795BB-29FA-4F7D-86CF-7C73AE5C65B1}.Release|Any CPU.ActiveCfg = Release|Any CPU
		{129795BB-29FA-4F7D-86CF-7C73AE5C65B1}.Release|Any CPU.Build.0 = Release|Any CPU
		{8FD7595A-FA2C-4608-9837-30622CF46D72}.Debug|Any CPU.ActiveCfg = Debug|Any CPU
		{8FD7595A-FA2C-4608-9837-30622CF46D72}.Debug|Any CPU.Build.0 = Debug|Any CPU
		{8FD7595A-FA2C-4608-9837-30622CF46D72}.Release|Any CPU.ActiveCfg = Release|Any CPU
		{8FD7595A-FA2C-4608-9837-30622CF46D72}.Release|Any CPU.Build.0 = Release|Any CPU
		{2F10D9B2-8A7B-4142-A042-579C383416EB}.Debug|Any CPU.ActiveCfg = Debug|Any CPU
		{2F10D9B2-8A7B-4142-A042-579C383416EB}.Debug|Any CPU.Build.0 = Debug|Any CPU
		{2F10D9B2-8A7B-4142-A042-579C383416EB}.Release|Any CPU.ActiveCfg = Release|Any CPU
		{2F10D9B2-8A7B-4142-A042-579C383416EB}.Release|Any CPU.Build.0 = Release|Any CPU
		{07042C90-E285-49D3-9B7E-5D571B75A5C7}.Debug|Any CPU.ActiveCfg = Debug|Any CPU
		{07042C90-E285-49D3-9B7E-5D571B75A5C7}.Debug|Any CPU.Build.0 = Debug|Any CPU
		{07042C90-E285-49D3-9B7E-5D571B75A5C7}.Release|Any CPU.ActiveCfg = Release|Any CPU
		{07042C90-E285-49D3-9B7E-5D571B75A5C7}.Release|Any CPU.Build.0 = Release|Any CPU
	EndGlobalSection
	GlobalSection(SolutionProperties) = preSolution
		HideSolutionNode = FALSE
	EndGlobalSection
	GlobalSection(NestedProjects) = preSolution
		{CD8E4AB3-125A-4CCB-ABC2-3B5FD7B8D26B} = {0F33BCCE-E856-426A-871C-E5BE1E2C9B10}
		{29C4CF05-FB56-46D7-B0C9-2430E861F241} = {0F33BCCE-E856-426A-871C-E5BE1E2C9B10}
		{3B69BA37-B581-4D3B-9B00-1F7E21B53015} = {0F33BCCE-E856-426A-871C-E5BE1E2C9B10}
		{6DC8E1F9-07F2-4301-AC2E-383D90387783} = {0F33BCCE-E856-426A-871C-E5BE1E2C9B10}
		{395B466E-8574-4C32-A2AB-02C263AB61FF} = {0F33BCCE-E856-426A-871C-E5BE1E2C9B10}
		{18E988BB-EFCB-4F1C-A9EB-454D6BF39C0E} = {6DC8E1F9-07F2-4301-AC2E-383D90387783}
		{0A7F29E6-3081-4435-8A55-D82FDF720368} = {6DC8E1F9-07F2-4301-AC2E-383D90387783}
		{AC3E4427-4E1B-465D-998F-E17B45FFCD30} = {6DC8E1F9-07F2-4301-AC2E-383D90387783}
		{84B3B290-3CD3-48DC-BEF9-53A9C2A0D5E6} = {6DC8E1F9-07F2-4301-AC2E-383D90387783}
		{3BF196BD-DF15-4A42-8855-6E30C460FFBA} = {6DC8E1F9-07F2-4301-AC2E-383D90387783}
		{FF399C79-29B6-418A-9B96-EE1C1FA75820} = {5F5B959D-4D6D-474C-B794-01F4D6CFFBF5}
		{D4657FFB-BFC4-4095-A819-6A05217D2893} = {6DC8E1F9-07F2-4301-AC2E-383D90387783}
		{A1F4D485-4CA8-4DCD-9114-BF6421B7D911} = {D4657FFB-BFC4-4095-A819-6A05217D2893}
		{CCE12F6F-A589-47C8-A80B-2E83A8D2E2E2} = {D4657FFB-BFC4-4095-A819-6A05217D2893}
		{BC7A2A5A-A280-4FA0-8461-127115AE384C} = {CD8E4AB3-125A-4CCB-ABC2-3B5FD7B8D26B}
		{FEA963F5-2E3D-4C49-B54E-6D3BF4A8F13F} = {29C4CF05-FB56-46D7-B0C9-2430E861F241}
		{924EFAD7-A6A6-4739-83B6-53BAF5D1706D} = {395B466E-8574-4C32-A2AB-02C263AB61FF}
		{DF11A989-7EC3-4FFE-9715-F53C79398E96} = {3B69BA37-B581-4D3B-9B00-1F7E21B53015}
		{86DE6C66-6635-4AFD-988C-330DE451D013} = {3BF196BD-DF15-4A42-8855-6E30C460FFBA}
		{2EFACF41-E864-455B-A970-EEF2854AFC09} = {AC3E4427-4E1B-465D-998F-E17B45FFCD30}
		{EC610143-5E7F-4517-A43F-E9CA7E6DAA8B} = {84B3B290-3CD3-48DC-BEF9-53A9C2A0D5E6}
		{74843A2D-E166-418E-AED7-B58001D74757} = {0A7F29E6-3081-4435-8A55-D82FDF720368}
		{015A94DC-A2A2-4B90-AA93-84AD7E8B2CFC} = {0A7F29E6-3081-4435-8A55-D82FDF720368}
		{92CF71B7-29B1-4490-8CF2-61AA6B9805D4} = {18E988BB-EFCB-4F1C-A9EB-454D6BF39C0E}
		{3114D249-A263-4844-917F-0AF0E509AB6A} = {18E988BB-EFCB-4F1C-A9EB-454D6BF39C0E}
		{37C7ACC1-0821-4D1A-BEA2-04EBCFB014FD} = {18E988BB-EFCB-4F1C-A9EB-454D6BF39C0E}
		{D56B167A-FF2C-4B22-8695-7ECB074AF916} = {6DC8E1F9-07F2-4301-AC2E-383D90387783}
		{879BCDD3-A114-439B-A8C8-9A6E4461B08E} = {D56B167A-FF2C-4B22-8695-7ECB074AF916}
		{67EF031F-4304-4754-A037-BD7421BFD9CC} = {6DC8E1F9-07F2-4301-AC2E-383D90387783}
		{0EDC5A6A-E27A-4580-A063-514A3BE09CF4} = {67EF031F-4304-4754-A037-BD7421BFD9CC}
		{53551267-BBD2-4E6A-B077-4423F1CBC017} = {18E988BB-EFCB-4F1C-A9EB-454D6BF39C0E}
		{45D18C7B-0F7B-45B2-8A0E-AB1235D8CABB} = {6DC8E1F9-07F2-4301-AC2E-383D90387783}
		{C1502567-3F64-4928-88EB-07F6F3B4E77E} = {45D18C7B-0F7B-45B2-8A0E-AB1235D8CABB}
		{129795BB-29FA-4F7D-86CF-7C73AE5C65B1} = {D4657FFB-BFC4-4095-A819-6A05217D2893}
		{8FD7595A-FA2C-4608-9837-30622CF46D72} = {18E988BB-EFCB-4F1C-A9EB-454D6BF39C0E}
		{2F10D9B2-8A7B-4142-A042-579C383416EB} = {18E988BB-EFCB-4F1C-A9EB-454D6BF39C0E}
		{07042C90-E285-49D3-9B7E-5D571B75A5C7} = {D4657FFB-BFC4-4095-A819-6A05217D2893}
	EndGlobalSection
	GlobalSection(ExtensibilityGlobals) = postSolution
		SolutionGuid = {AC7C2D82-4CD2-4FCE-A131-473C27D65168}
	EndGlobalSection
EndGlobal
